
Microsoft Visual Studio Solution File, Format Version 12.00
# Visual Studio 15
VisualStudioVersion = 15.0.28307.329
MinimumVisualStudioVersion = 10.0.40219.1
Project("{9A19103F-16F7-4668-BE54-9A1E7A4F7556}") = "NetCore.Api", "NetCore.Api\NetCore.Api.csproj", "{D8E9BE2E-7304-400B-98A4-4D95A17BC451}"
EndProject
Project("{9A19103F-16F7-4668-BE54-9A1E7A4F7556}") = "NetCore.Model", "NetCore.Model\NetCore.Model.csproj", "{3ED317AE-D879-4294-BFC0-42A499D41A88}"
EndProject
Project("{9A19103F-16F7-4668-BE54-9A1E7A4F7556}") = "NetCore.ServiceData", "NetCore.ServiceData\NetCore.ServiceData.csproj", "{0E1FEF21-7612-4C2A-90C0-BFA8C948074E}"
EndProject
Project("{FAE04EC0-301F-11D3-BF4B-00C04F79EFBC}") = "NetCore.Core", "NetCore.Core\NetCore.Core.csproj", "{5C5218CE-63AF-423A-B7AF-F7B614CE5C71}"
EndProject
Global
	GlobalSection(SolutionConfigurationPlatforms) = preSolution
		Debug|Any CPU = Debug|Any CPU
		Release|Any CPU = Release|Any CPU
	EndGlobalSection
	GlobalSection(ProjectConfigurationPlatforms) = postSolution
		{D8E9BE2E-7304-400B-98A4-4D95A17BC451}.Debug|Any CPU.ActiveCfg = Debug|Any CPU
		{D8E9BE2E-7304-400B-98A4-4D95A17BC451}.Debug|Any CPU.Build.0 = Debug|Any CPU
		{D8E9BE2E-7304-400B-98A4-4D95A17BC451}.Release|Any CPU.ActiveCfg = Release|Any CPU
		{D8E9BE2E-7304-400B-98A4-4D95A17BC451}.Release|Any CPU.Build.0 = Release|Any CPU
		{3ED317AE-D879-4294-BFC0-42A499D41A88}.Debug|Any CPU.ActiveCfg = Debug|Any CPU
		{3ED317AE-D879-4294-BFC0-42A499D41A88}.Debug|Any CPU.Build.0 = Debug|Any CPU
		{3ED317AE-D879-4294-BFC0-42A499D41A88}.Release|Any CPU.ActiveCfg = Release|Any CPU
		{3ED317AE-D879-4294-BFC0-42A499D41A88}.Release|Any CPU.Build.0 = Release|Any CPU
		{0E1FEF21-7612-4C2A-90C0-BFA8C948074E}.Debug|Any CPU.ActiveCfg = Debug|Any CPU
		{0E1FEF21-7612-4C2A-90C0-BFA8C948074E}.Debug|Any CPU.Build.0 = Debug|Any CPU
		{0E1FEF21-7612-4C2A-90C0-BFA8C948074E}.Release|Any CPU.ActiveCfg = Release|Any CPU
		{0E1FEF21-7612-4C2A-90C0-BFA8C948074E}.Release|Any CPU.Build.0 = Release|Any CPU
		{5C5218CE-63AF-423A-B7AF-F7B614CE5C71}.Debug|Any CPU.ActiveCfg = Debug|Any CPU
		{5C5218CE-63AF-423A-B7AF-F7B614CE5C71}.Debug|Any CPU.Build.0 = Debug|Any CPU
		{5C5218CE-63AF-423A-B7AF-F7B614CE5C71}.Release|Any CPU.ActiveCfg = Release|Any CPU
		{5C5218CE-63AF-423A-B7AF-F7B614CE5C71}.Release|Any CPU.Build.0 = Release|Any CPU
	EndGlobalSection
	GlobalSection(SolutionProperties) = preSolution
		HideSolutionNode = FALSE
	EndGlobalSection
	GlobalSection(ExtensibilityGlobals) = postSolution
		SolutionGuid = {962AACFB-972A-487A-A172-17AC6F68F9C2}
	EndGlobalSection
EndGlobal
