
Microsoft Visual Studio Solution File, Format Version 12.00
# Visual Studio Version 16
VisualStudioVersion = 16.0.28803.156
MinimumVisualStudioVersion = 10.0.40219.1
Project("{9A19103F-16F7-4668-BE54-9A1E7A4F7556}") = "Pandora.NetStandard.Model", "Pandora.NetStandard.Model\Pandora.NetStandard.Model.csproj", "{A4BEDF85-FEE0-485F-93CD-73C9BDB008B3}"
EndProject
Project("{9A19103F-16F7-4668-BE54-9A1E7A4F7556}") = "Pandora.NetStandard.Core", "Pandora.NetStandard.Core\Pandora.NetStandard.Core.csproj", "{818B133D-8E15-4545-8E67-853ECD47E161}"
EndProject
Project("{9A19103F-16F7-4668-BE54-9A1E7A4F7556}") = "Pandora.NetStandard.Data", "Pandora.NetStandard.Data\Pandora.NetStandard.Data.csproj", "{3AF6270E-F2F1-43A9-B3E8-E79E13C8E1BE}"
EndProject
Project("{9A19103F-16F7-4668-BE54-9A1E7A4F7556}") = "Pandora.NetCore.ApiHost", "Pandora.NetCore.ApiHost\Pandora.NetCore.ApiHost.csproj", "{D72BB440-1F5F-48B1-9C21-8AE86F77FED0}"
EndProject
Project("{9A19103F-16F7-4668-BE54-9A1E7A4F7556}") = "Pandora.NetCore.UnitTest", "Pandora.NetCore.UnitTest\Pandora.NetCore.UnitTest.csproj", "{E0D95756-EA99-4D16-8AAC-35DB4654BD45}"
EndProject
Project("{9A19103F-16F7-4668-BE54-9A1E7A4F7556}") = "Pandora.NetStandard.Business", "Pandora.NetStandard.Business\Pandora.NetStandard.Business.csproj", "{136DFF0A-6E48-49AA-921F-92DA48462633}"
EndProject
Project("{2150E333-8FDC-42A3-9474-1A3956D46DE8}") = "_test", "_test", "{F223A21F-D0CA-4F67-8CD0-39701E8F998A}"
EndProject
Project("{2150E333-8FDC-42A3-9474-1A3956D46DE8}") = "ApiRest", "ApiRest", "{254C29A5-7263-4607-8D25-7677F4174EB8}"
EndProject
Project("{2150E333-8FDC-42A3-9474-1A3956D46DE8}") = "AuthServer", "AuthServer", "{87E3038D-6830-4EE8-B292-966E0028AD43}"
EndProject
Project("{9A19103F-16F7-4668-BE54-9A1E7A4F7556}") = "Pandora.NetCore.Identity", "Pandora.NetCore.Identity\Pandora.NetCore.Identity.csproj", "{5DF294FE-5437-4A6C-A927-A8A5456B3373}"
EndProject
Project("{9A19103F-16F7-4668-BE54-9A1E7A4F7556}") = "Pandora.NetStandard.Api", "Pandora.NetStandard.Api\Pandora.NetStandard.Api.csproj", "{537437C4-FB1A-49C0-BC2D-178A901C4AA0}"
EndProject
Project("{2150E333-8FDC-42A3-9474-1A3956D46DE8}") = "Solution Items", "Solution Items", "{3895D286-E8CB-45F8-B5BF-4D3F25B75D0E}"
	ProjectSection(SolutionItems) = preProject
		.dockerignore = .dockerignore
		.gitignore = .gitignore
		.vsconfig = .vsconfig
		Directory.Build.props = Directory.Build.props
		global.json = global.json
		LICENSE = LICENSE
		README.md = README.md
	EndProjectSection
EndProject
Global
	GlobalSection(SolutionConfigurationPlatforms) = preSolution
		Debug|Any CPU = Debug|Any CPU
		Debug|ARM = Debug|ARM
		Debug|iPhone = Debug|iPhone
		Debug|iPhoneSimulator = Debug|iPhoneSimulator
		Debug|x64 = Debug|x64
		Debug|x86 = Debug|x86
		Release|Any CPU = Release|Any CPU
		Release|ARM = Release|ARM
		Release|iPhone = Release|iPhone
		Release|iPhoneSimulator = Release|iPhoneSimulator
		Release|x64 = Release|x64
		Release|x86 = Release|x86
	EndGlobalSection
	GlobalSection(ProjectConfigurationPlatforms) = postSolution
		{A4BEDF85-FEE0-485F-93CD-73C9BDB008B3}.Debug|Any CPU.ActiveCfg = Debug|Any CPU
		{A4BEDF85-FEE0-485F-93CD-73C9BDB008B3}.Debug|Any CPU.Build.0 = Debug|Any CPU
		{A4BEDF85-FEE0-485F-93CD-73C9BDB008B3}.Debug|ARM.ActiveCfg = Debug|Any CPU
		{A4BEDF85-FEE0-485F-93CD-73C9BDB008B3}.Debug|ARM.Build.0 = Debug|Any CPU
		{A4BEDF85-FEE0-485F-93CD-73C9BDB008B3}.Debug|iPhone.ActiveCfg = Debug|Any CPU
		{A4BEDF85-FEE0-485F-93CD-73C9BDB008B3}.Debug|iPhone.Build.0 = Debug|Any CPU
		{A4BEDF85-FEE0-485F-93CD-73C9BDB008B3}.Debug|iPhoneSimulator.ActiveCfg = Debug|Any CPU
		{A4BEDF85-FEE0-485F-93CD-73C9BDB008B3}.Debug|iPhoneSimulator.Build.0 = Debug|Any CPU
		{A4BEDF85-FEE0-485F-93CD-73C9BDB008B3}.Debug|x64.ActiveCfg = Debug|Any CPU
		{A4BEDF85-FEE0-485F-93CD-73C9BDB008B3}.Debug|x64.Build.0 = Debug|Any CPU
		{A4BEDF85-FEE0-485F-93CD-73C9BDB008B3}.Debug|x86.ActiveCfg = Debug|Any CPU
		{A4BEDF85-FEE0-485F-93CD-73C9BDB008B3}.Debug|x86.Build.0 = Debug|Any CPU
		{A4BEDF85-FEE0-485F-93CD-73C9BDB008B3}.Release|Any CPU.ActiveCfg = Release|Any CPU
		{A4BEDF85-FEE0-485F-93CD-73C9BDB008B3}.Release|Any CPU.Build.0 = Release|Any CPU
		{A4BEDF85-FEE0-485F-93CD-73C9BDB008B3}.Release|ARM.ActiveCfg = Release|Any CPU
		{A4BEDF85-FEE0-485F-93CD-73C9BDB008B3}.Release|ARM.Build.0 = Release|Any CPU
		{A4BEDF85-FEE0-485F-93CD-73C9BDB008B3}.Release|iPhone.ActiveCfg = Release|Any CPU
		{A4BEDF85-FEE0-485F-93CD-73C9BDB008B3}.Release|iPhone.Build.0 = Release|Any CPU
		{A4BEDF85-FEE0-485F-93CD-73C9BDB008B3}.Release|iPhoneSimulator.ActiveCfg = Release|Any CPU
		{A4BEDF85-FEE0-485F-93CD-73C9BDB008B3}.Release|iPhoneSimulator.Build.0 = Release|Any CPU
		{A4BEDF85-FEE0-485F-93CD-73C9BDB008B3}.Release|x64.ActiveCfg = Release|Any CPU
		{A4BEDF85-FEE0-485F-93CD-73C9BDB008B3}.Release|x64.Build.0 = Release|Any CPU
		{A4BEDF85-FEE0-485F-93CD-73C9BDB008B3}.Release|x86.ActiveCfg = Release|Any CPU
		{A4BEDF85-FEE0-485F-93CD-73C9BDB008B3}.Release|x86.Build.0 = Release|Any CPU
		{818B133D-8E15-4545-8E67-853ECD47E161}.Debug|Any CPU.ActiveCfg = Debug|Any CPU
		{818B133D-8E15-4545-8E67-853ECD47E161}.Debug|Any CPU.Build.0 = Debug|Any CPU
		{818B133D-8E15-4545-8E67-853ECD47E161}.Debug|ARM.ActiveCfg = Debug|Any CPU
		{818B133D-8E15-4545-8E67-853ECD47E161}.Debug|ARM.Build.0 = Debug|Any CPU
		{818B133D-8E15-4545-8E67-853ECD47E161}.Debug|iPhone.ActiveCfg = Debug|Any CPU
		{818B133D-8E15-4545-8E67-853ECD47E161}.Debug|iPhone.Build.0 = Debug|Any CPU
		{818B133D-8E15-4545-8E67-853ECD47E161}.Debug|iPhoneSimulator.ActiveCfg = Debug|Any CPU
		{818B133D-8E15-4545-8E67-853ECD47E161}.Debug|iPhoneSimulator.Build.0 = Debug|Any CPU
		{818B133D-8E15-4545-8E67-853ECD47E161}.Debug|x64.ActiveCfg = Debug|Any CPU
		{818B133D-8E15-4545-8E67-853ECD47E161}.Debug|x64.Build.0 = Debug|Any CPU
		{818B133D-8E15-4545-8E67-853ECD47E161}.Debug|x86.ActiveCfg = Debug|Any CPU
		{818B133D-8E15-4545-8E67-853ECD47E161}.Debug|x86.Build.0 = Debug|Any CPU
		{818B133D-8E15-4545-8E67-853ECD47E161}.Release|Any CPU.ActiveCfg = Release|Any CPU
		{818B133D-8E15-4545-8E67-853ECD47E161}.Release|Any CPU.Build.0 = Release|Any CPU
		{818B133D-8E15-4545-8E67-853ECD47E161}.Release|ARM.ActiveCfg = Release|Any CPU
		{818B133D-8E15-4545-8E67-853ECD47E161}.Release|ARM.Build.0 = Release|Any CPU
		{818B133D-8E15-4545-8E67-853ECD47E161}.Release|iPhone.ActiveCfg = Release|Any CPU
		{818B133D-8E15-4545-8E67-853ECD47E161}.Release|iPhone.Build.0 = Release|Any CPU
		{818B133D-8E15-4545-8E67-853ECD47E161}.Release|iPhoneSimulator.ActiveCfg = Release|Any CPU
		{818B133D-8E15-4545-8E67-853ECD47E161}.Release|iPhoneSimulator.Build.0 = Release|Any CPU
		{818B133D-8E15-4545-8E67-853ECD47E161}.Release|x64.ActiveCfg = Release|Any CPU
		{818B133D-8E15-4545-8E67-853ECD47E161}.Release|x64.Build.0 = Release|Any CPU
		{818B133D-8E15-4545-8E67-853ECD47E161}.Release|x86.ActiveCfg = Release|Any CPU
		{818B133D-8E15-4545-8E67-853ECD47E161}.Release|x86.Build.0 = Release|Any CPU
		{3AF6270E-F2F1-43A9-B3E8-E79E13C8E1BE}.Debug|Any CPU.ActiveCfg = Debug|Any CPU
		{3AF6270E-F2F1-43A9-B3E8-E79E13C8E1BE}.Debug|Any CPU.Build.0 = Debug|Any CPU
		{3AF6270E-F2F1-43A9-B3E8-E79E13C8E1BE}.Debug|ARM.ActiveCfg = Debug|Any CPU
		{3AF6270E-F2F1-43A9-B3E8-E79E13C8E1BE}.Debug|ARM.Build.0 = Debug|Any CPU
		{3AF6270E-F2F1-43A9-B3E8-E79E13C8E1BE}.Debug|iPhone.ActiveCfg = Debug|Any CPU
		{3AF6270E-F2F1-43A9-B3E8-E79E13C8E1BE}.Debug|iPhone.Build.0 = Debug|Any CPU
		{3AF6270E-F2F1-43A9-B3E8-E79E13C8E1BE}.Debug|iPhoneSimulator.ActiveCfg = Debug|Any CPU
		{3AF6270E-F2F1-43A9-B3E8-E79E13C8E1BE}.Debug|iPhoneSimulator.Build.0 = Debug|Any CPU
		{3AF6270E-F2F1-43A9-B3E8-E79E13C8E1BE}.Debug|x64.ActiveCfg = Debug|Any CPU
		{3AF6270E-F2F1-43A9-B3E8-E79E13C8E1BE}.Debug|x64.Build.0 = Debug|Any CPU
		{3AF6270E-F2F1-43A9-B3E8-E79E13C8E1BE}.Debug|x86.ActiveCfg = Debug|Any CPU
		{3AF6270E-F2F1-43A9-B3E8-E79E13C8E1BE}.Debug|x86.Build.0 = Debug|Any CPU
		{3AF6270E-F2F1-43A9-B3E8-E79E13C8E1BE}.Release|Any CPU.ActiveCfg = Release|Any CPU
		{3AF6270E-F2F1-43A9-B3E8-E79E13C8E1BE}.Release|Any CPU.Build.0 = Release|Any CPU
		{3AF6270E-F2F1-43A9-B3E8-E79E13C8E1BE}.Release|ARM.ActiveCfg = Release|Any CPU
		{3AF6270E-F2F1-43A9-B3E8-E79E13C8E1BE}.Release|ARM.Build.0 = Release|Any CPU
		{3AF6270E-F2F1-43A9-B3E8-E79E13C8E1BE}.Release|iPhone.ActiveCfg = Release|Any CPU
		{3AF6270E-F2F1-43A9-B3E8-E79E13C8E1BE}.Release|iPhone.Build.0 = Release|Any CPU
		{3AF6270E-F2F1-43A9-B3E8-E79E13C8E1BE}.Release|iPhoneSimulator.ActiveCfg = Release|Any CPU
		{3AF6270E-F2F1-43A9-B3E8-E79E13C8E1BE}.Release|iPhoneSimulator.Build.0 = Release|Any CPU
		{3AF6270E-F2F1-43A9-B3E8-E79E13C8E1BE}.Release|x64.ActiveCfg = Release|Any CPU
		{3AF6270E-F2F1-43A9-B3E8-E79E13C8E1BE}.Release|x64.Build.0 = Release|Any CPU
		{3AF6270E-F2F1-43A9-B3E8-E79E13C8E1BE}.Release|x86.ActiveCfg = Release|Any CPU
		{3AF6270E-F2F1-43A9-B3E8-E79E13C8E1BE}.Release|x86.Build.0 = Release|Any CPU
		{D72BB440-1F5F-48B1-9C21-8AE86F77FED0}.Debug|Any CPU.ActiveCfg = Debug|Any CPU
		{D72BB440-1F5F-48B1-9C21-8AE86F77FED0}.Debug|Any CPU.Build.0 = Debug|Any CPU
		{D72BB440-1F5F-48B1-9C21-8AE86F77FED0}.Debug|ARM.ActiveCfg = Debug|Any CPU
		{D72BB440-1F5F-48B1-9C21-8AE86F77FED0}.Debug|ARM.Build.0 = Debug|Any CPU
		{D72BB440-1F5F-48B1-9C21-8AE86F77FED0}.Debug|iPhone.ActiveCfg = Debug|Any CPU
		{D72BB440-1F5F-48B1-9C21-8AE86F77FED0}.Debug|iPhone.Build.0 = Debug|Any CPU
		{D72BB440-1F5F-48B1-9C21-8AE86F77FED0}.Debug|iPhoneSimulator.ActiveCfg = Debug|Any CPU
		{D72BB440-1F5F-48B1-9C21-8AE86F77FED0}.Debug|iPhoneSimulator.Build.0 = Debug|Any CPU
		{D72BB440-1F5F-48B1-9C21-8AE86F77FED0}.Debug|x64.ActiveCfg = Debug|Any CPU
		{D72BB440-1F5F-48B1-9C21-8AE86F77FED0}.Debug|x64.Build.0 = Debug|Any CPU
		{D72BB440-1F5F-48B1-9C21-8AE86F77FED0}.Debug|x86.ActiveCfg = Debug|Any CPU
		{D72BB440-1F5F-48B1-9C21-8AE86F77FED0}.Debug|x86.Build.0 = Debug|Any CPU
		{D72BB440-1F5F-48B1-9C21-8AE86F77FED0}.Release|Any CPU.ActiveCfg = Release|Any CPU
		{D72BB440-1F5F-48B1-9C21-8AE86F77FED0}.Release|Any CPU.Build.0 = Release|Any CPU
		{D72BB440-1F5F-48B1-9C21-8AE86F77FED0}.Release|ARM.ActiveCfg = Release|Any CPU
		{D72BB440-1F5F-48B1-9C21-8AE86F77FED0}.Release|ARM.Build.0 = Release|Any CPU
		{D72BB440-1F5F-48B1-9C21-8AE86F77FED0}.Release|iPhone.ActiveCfg = Release|Any CPU
		{D72BB440-1F5F-48B1-9C21-8AE86F77FED0}.Release|iPhone.Build.0 = Release|Any CPU
		{D72BB440-1F5F-48B1-9C21-8AE86F77FED0}.Release|iPhoneSimulator.ActiveCfg = Release|Any CPU
		{D72BB440-1F5F-48B1-9C21-8AE86F77FED0}.Release|iPhoneSimulator.Build.0 = Release|Any CPU
		{D72BB440-1F5F-48B1-9C21-8AE86F77FED0}.Release|x64.ActiveCfg = Release|Any CPU
		{D72BB440-1F5F-48B1-9C21-8AE86F77FED0}.Release|x64.Build.0 = Release|Any CPU
		{D72BB440-1F5F-48B1-9C21-8AE86F77FED0}.Release|x86.ActiveCfg = Release|Any CPU
		{D72BB440-1F5F-48B1-9C21-8AE86F77FED0}.Release|x86.Build.0 = Release|Any CPU
		{E0D95756-EA99-4D16-8AAC-35DB4654BD45}.Debug|Any CPU.ActiveCfg = Debug|Any CPU
		{E0D95756-EA99-4D16-8AAC-35DB4654BD45}.Debug|Any CPU.Build.0 = Debug|Any CPU
		{E0D95756-EA99-4D16-8AAC-35DB4654BD45}.Debug|ARM.ActiveCfg = Debug|Any CPU
		{E0D95756-EA99-4D16-8AAC-35DB4654BD45}.Debug|ARM.Build.0 = Debug|Any CPU
		{E0D95756-EA99-4D16-8AAC-35DB4654BD45}.Debug|iPhone.ActiveCfg = Debug|Any CPU
		{E0D95756-EA99-4D16-8AAC-35DB4654BD45}.Debug|iPhone.Build.0 = Debug|Any CPU
		{E0D95756-EA99-4D16-8AAC-35DB4654BD45}.Debug|iPhoneSimulator.ActiveCfg = Debug|Any CPU
		{E0D95756-EA99-4D16-8AAC-35DB4654BD45}.Debug|iPhoneSimulator.Build.0 = Debug|Any CPU
		{E0D95756-EA99-4D16-8AAC-35DB4654BD45}.Debug|x64.ActiveCfg = Debug|Any CPU
		{E0D95756-EA99-4D16-8AAC-35DB4654BD45}.Debug|x64.Build.0 = Debug|Any CPU
		{E0D95756-EA99-4D16-8AAC-35DB4654BD45}.Debug|x86.ActiveCfg = Debug|Any CPU
		{E0D95756-EA99-4D16-8AAC-35DB4654BD45}.Debug|x86.Build.0 = Debug|Any CPU
		{E0D95756-EA99-4D16-8AAC-35DB4654BD45}.Release|Any CPU.ActiveCfg = Release|Any CPU
		{E0D95756-EA99-4D16-8AAC-35DB4654BD45}.Release|Any CPU.Build.0 = Release|Any CPU
		{E0D95756-EA99-4D16-8AAC-35DB4654BD45}.Release|ARM.ActiveCfg = Release|Any CPU
		{E0D95756-EA99-4D16-8AAC-35DB4654BD45}.Release|ARM.Build.0 = Release|Any CPU
		{E0D95756-EA99-4D16-8AAC-35DB4654BD45}.Release|iPhone.ActiveCfg = Release|Any CPU
		{E0D95756-EA99-4D16-8AAC-35DB4654BD45}.Release|iPhone.Build.0 = Release|Any CPU
		{E0D95756-EA99-4D16-8AAC-35DB4654BD45}.Release|iPhoneSimulator.ActiveCfg = Release|Any CPU
		{E0D95756-EA99-4D16-8AAC-35DB4654BD45}.Release|iPhoneSimulator.Build.0 = Release|Any CPU
		{E0D95756-EA99-4D16-8AAC-35DB4654BD45}.Release|x64.ActiveCfg = Release|Any CPU
		{E0D95756-EA99-4D16-8AAC-35DB4654BD45}.Release|x64.Build.0 = Release|Any CPU
		{E0D95756-EA99-4D16-8AAC-35DB4654BD45}.Release|x86.ActiveCfg = Release|Any CPU
		{E0D95756-EA99-4D16-8AAC-35DB4654BD45}.Release|x86.Build.0 = Release|Any CPU
		{136DFF0A-6E48-49AA-921F-92DA48462633}.Debug|Any CPU.ActiveCfg = Debug|Any CPU
		{136DFF0A-6E48-49AA-921F-92DA48462633}.Debug|Any CPU.Build.0 = Debug|Any CPU
		{136DFF0A-6E48-49AA-921F-92DA48462633}.Debug|ARM.ActiveCfg = Debug|Any CPU
		{136DFF0A-6E48-49AA-921F-92DA48462633}.Debug|ARM.Build.0 = Debug|Any CPU
		{136DFF0A-6E48-49AA-921F-92DA48462633}.Debug|iPhone.ActiveCfg = Debug|Any CPU
		{136DFF0A-6E48-49AA-921F-92DA48462633}.Debug|iPhone.Build.0 = Debug|Any CPU
		{136DFF0A-6E48-49AA-921F-92DA48462633}.Debug|iPhoneSimulator.ActiveCfg = Debug|Any CPU
		{136DFF0A-6E48-49AA-921F-92DA48462633}.Debug|iPhoneSimulator.Build.0 = Debug|Any CPU
		{136DFF0A-6E48-49AA-921F-92DA48462633}.Debug|x64.ActiveCfg = Debug|Any CPU
		{136DFF0A-6E48-49AA-921F-92DA48462633}.Debug|x64.Build.0 = Debug|Any CPU
		{136DFF0A-6E48-49AA-921F-92DA48462633}.Debug|x86.ActiveCfg = Debug|Any CPU
		{136DFF0A-6E48-49AA-921F-92DA48462633}.Debug|x86.Build.0 = Debug|Any CPU
		{136DFF0A-6E48-49AA-921F-92DA48462633}.Release|Any CPU.ActiveCfg = Release|Any CPU
		{136DFF0A-6E48-49AA-921F-92DA48462633}.Release|Any CPU.Build.0 = Release|Any CPU
		{136DFF0A-6E48-49AA-921F-92DA48462633}.Release|ARM.ActiveCfg = Release|Any CPU
		{136DFF0A-6E48-49AA-921F-92DA48462633}.Release|ARM.Build.0 = Release|Any CPU
		{136DFF0A-6E48-49AA-921F-92DA48462633}.Release|iPhone.ActiveCfg = Release|Any CPU
		{136DFF0A-6E48-49AA-921F-92DA48462633}.Release|iPhone.Build.0 = Release|Any CPU
		{136DFF0A-6E48-49AA-921F-92DA48462633}.Release|iPhoneSimulator.ActiveCfg = Release|Any CPU
		{136DFF0A-6E48-49AA-921F-92DA48462633}.Release|iPhoneSimulator.Build.0 = Release|Any CPU
		{136DFF0A-6E48-49AA-921F-92DA48462633}.Release|x64.ActiveCfg = Release|Any CPU
		{136DFF0A-6E48-49AA-921F-92DA48462633}.Release|x64.Build.0 = Release|Any CPU
		{136DFF0A-6E48-49AA-921F-92DA48462633}.Release|x86.ActiveCfg = Release|Any CPU
		{136DFF0A-6E48-49AA-921F-92DA48462633}.Release|x86.Build.0 = Release|Any CPU
		{5DF294FE-5437-4A6C-A927-A8A5456B3373}.Debug|Any CPU.ActiveCfg = Debug|Any CPU
		{5DF294FE-5437-4A6C-A927-A8A5456B3373}.Debug|Any CPU.Build.0 = Debug|Any CPU
		{5DF294FE-5437-4A6C-A927-A8A5456B3373}.Debug|ARM.ActiveCfg = Debug|Any CPU
		{5DF294FE-5437-4A6C-A927-A8A5456B3373}.Debug|ARM.Build.0 = Debug|Any CPU
		{5DF294FE-5437-4A6C-A927-A8A5456B3373}.Debug|iPhone.ActiveCfg = Debug|Any CPU
		{5DF294FE-5437-4A6C-A927-A8A5456B3373}.Debug|iPhone.Build.0 = Debug|Any CPU
		{5DF294FE-5437-4A6C-A927-A8A5456B3373}.Debug|iPhoneSimulator.ActiveCfg = Debug|Any CPU
		{5DF294FE-5437-4A6C-A927-A8A5456B3373}.Debug|iPhoneSimulator.Build.0 = Debug|Any CPU
		{5DF294FE-5437-4A6C-A927-A8A5456B3373}.Debug|x64.ActiveCfg = Debug|Any CPU
		{5DF294FE-5437-4A6C-A927-A8A5456B3373}.Debug|x64.Build.0 = Debug|Any CPU
		{5DF294FE-5437-4A6C-A927-A8A5456B3373}.Debug|x86.ActiveCfg = Debug|Any CPU
		{5DF294FE-5437-4A6C-A927-A8A5456B3373}.Debug|x86.Build.0 = Debug|Any CPU
		{5DF294FE-5437-4A6C-A927-A8A5456B3373}.Release|Any CPU.ActiveCfg = Release|Any CPU
		{5DF294FE-5437-4A6C-A927-A8A5456B3373}.Release|Any CPU.Build.0 = Release|Any CPU
		{5DF294FE-5437-4A6C-A927-A8A5456B3373}.Release|ARM.ActiveCfg = Release|Any CPU
		{5DF294FE-5437-4A6C-A927-A8A5456B3373}.Release|ARM.Build.0 = Release|Any CPU
		{5DF294FE-5437-4A6C-A927-A8A5456B3373}.Release|iPhone.ActiveCfg = Release|Any CPU
		{5DF294FE-5437-4A6C-A927-A8A5456B3373}.Release|iPhone.Build.0 = Release|Any CPU
		{5DF294FE-5437-4A6C-A927-A8A5456B3373}.Release|iPhoneSimulator.ActiveCfg = Release|Any CPU
		{5DF294FE-5437-4A6C-A927-A8A5456B3373}.Release|iPhoneSimulator.Build.0 = Release|Any CPU
		{5DF294FE-5437-4A6C-A927-A8A5456B3373}.Release|x64.ActiveCfg = Release|Any CPU
		{5DF294FE-5437-4A6C-A927-A8A5456B3373}.Release|x64.Build.0 = Release|Any CPU
		{5DF294FE-5437-4A6C-A927-A8A5456B3373}.Release|x86.ActiveCfg = Release|Any CPU
		{5DF294FE-5437-4A6C-A927-A8A5456B3373}.Release|x86.Build.0 = Release|Any CPU
		{537437C4-FB1A-49C0-BC2D-178A901C4AA0}.Debug|Any CPU.ActiveCfg = Debug|Any CPU
		{537437C4-FB1A-49C0-BC2D-178A901C4AA0}.Debug|Any CPU.Build.0 = Debug|Any CPU
		{537437C4-FB1A-49C0-BC2D-178A901C4AA0}.Debug|ARM.ActiveCfg = Debug|Any CPU
		{537437C4-FB1A-49C0-BC2D-178A901C4AA0}.Debug|ARM.Build.0 = Debug|Any CPU
		{537437C4-FB1A-49C0-BC2D-178A901C4AA0}.Debug|iPhone.ActiveCfg = Debug|Any CPU
		{537437C4-FB1A-49C0-BC2D-178A901C4AA0}.Debug|iPhone.Build.0 = Debug|Any CPU
		{537437C4-FB1A-49C0-BC2D-178A901C4AA0}.Debug|iPhoneSimulator.ActiveCfg = Debug|Any CPU
		{537437C4-FB1A-49C0-BC2D-178A901C4AA0}.Debug|iPhoneSimulator.Build.0 = Debug|Any CPU
		{537437C4-FB1A-49C0-BC2D-178A901C4AA0}.Debug|x64.ActiveCfg = Debug|Any CPU
		{537437C4-FB1A-49C0-BC2D-178A901C4AA0}.Debug|x64.Build.0 = Debug|Any CPU
		{537437C4-FB1A-49C0-BC2D-178A901C4AA0}.Debug|x86.ActiveCfg = Debug|Any CPU
		{537437C4-FB1A-49C0-BC2D-178A901C4AA0}.Debug|x86.Build.0 = Debug|Any CPU
		{537437C4-FB1A-49C0-BC2D-178A901C4AA0}.Release|Any CPU.ActiveCfg = Release|Any CPU
		{537437C4-FB1A-49C0-BC2D-178A901C4AA0}.Release|Any CPU.Build.0 = Release|Any CPU
		{537437C4-FB1A-49C0-BC2D-178A901C4AA0}.Release|ARM.ActiveCfg = Release|Any CPU
		{537437C4-FB1A-49C0-BC2D-178A901C4AA0}.Release|ARM.Build.0 = Release|Any CPU
		{537437C4-FB1A-49C0-BC2D-178A901C4AA0}.Release|iPhone.ActiveCfg = Release|Any CPU
		{537437C4-FB1A-49C0-BC2D-178A901C4AA0}.Release|iPhone.Build.0 = Release|Any CPU
		{537437C4-FB1A-49C0-BC2D-178A901C4AA0}.Release|iPhoneSimulator.ActiveCfg = Release|Any CPU
		{537437C4-FB1A-49C0-BC2D-178A901C4AA0}.Release|iPhoneSimulator.Build.0 = Release|Any CPU
		{537437C4-FB1A-49C0-BC2D-178A901C4AA0}.Release|x64.ActiveCfg = Release|Any CPU
		{537437C4-FB1A-49C0-BC2D-178A901C4AA0}.Release|x64.Build.0 = Release|Any CPU
		{537437C4-FB1A-49C0-BC2D-178A901C4AA0}.Release|x86.ActiveCfg = Release|Any CPU
		{537437C4-FB1A-49C0-BC2D-178A901C4AA0}.Release|x86.Build.0 = Release|Any CPU
	EndGlobalSection
	GlobalSection(SolutionProperties) = preSolution
		HideSolutionNode = FALSE
	EndGlobalSection
	GlobalSection(NestedProjects) = preSolution
		{3AF6270E-F2F1-43A9-B3E8-E79E13C8E1BE} = {254C29A5-7263-4607-8D25-7677F4174EB8}
		{D72BB440-1F5F-48B1-9C21-8AE86F77FED0} = {254C29A5-7263-4607-8D25-7677F4174EB8}
		{E0D95756-EA99-4D16-8AAC-35DB4654BD45} = {F223A21F-D0CA-4F67-8CD0-39701E8F998A}
		{136DFF0A-6E48-49AA-921F-92DA48462633} = {254C29A5-7263-4607-8D25-7677F4174EB8}
		{F223A21F-D0CA-4F67-8CD0-39701E8F998A} = {254C29A5-7263-4607-8D25-7677F4174EB8}
		{5DF294FE-5437-4A6C-A927-A8A5456B3373} = {87E3038D-6830-4EE8-B292-966E0028AD43}
		{537437C4-FB1A-49C0-BC2D-178A901C4AA0} = {254C29A5-7263-4607-8D25-7677F4174EB8}
	EndGlobalSection
	GlobalSection(ExtensibilityGlobals) = postSolution
		SolutionGuid = {962AACFB-972A-487A-A172-17AC6F68F9C2}
	EndGlobalSection
EndGlobal
